
Microsoft Visual Studio Solution File, Format Version 12.00
# Visual Studio 14
VisualStudioVersion = 14.0.24720.0
MinimumVisualStudioVersion = 10.0.40219.1
Project("{FAE04EC0-301F-11D3-BF4B-00C04F79EFBC}") = "YoutubePlaylists.Data.Models", "YoutubePlaylists.Data.Models\YoutubePlaylists.Data.Models.csproj", "{45A84E8F-358B-416E-836D-2878C8738584}"
EndProject
Project("{FAE04EC0-301F-11D3-BF4B-00C04F79EFBC}") = "YoutubePlaylists.Data", "YoutubePlaylists.Data\YoutubePlaylists.Data.csproj", "{D791900D-1235-4708-B1B9-8DA0AA3AD016}"
EndProject
Project("{FAE04EC0-301F-11D3-BF4B-00C04F79EFBC}") = "YoutubePlaylists.WebForms", "YoutubePlaylists.WebForms\YoutubePlaylists.WebForms.csproj", "{2A57F7BC-75A6-4938-87CD-7CC63819D886}"
EndProject
Global
	GlobalSection(SolutionConfigurationPlatforms) = preSolution
		Debug|Any CPU = Debug|Any CPU
		Release|Any CPU = Release|Any CPU
	EndGlobalSection
	GlobalSection(ProjectConfigurationPlatforms) = postSolution
		{45A84E8F-358B-416E-836D-2878C8738584}.Debug|Any CPU.ActiveCfg = Debug|Any CPU
		{45A84E8F-358B-416E-836D-2878C8738584}.Debug|Any CPU.Build.0 = Debug|Any CPU
		{45A84E8F-358B-416E-836D-2878C8738584}.Release|Any CPU.ActiveCfg = Release|Any CPU
		{45A84E8F-358B-416E-836D-2878C8738584}.Release|Any CPU.Build.0 = Release|Any CPU
		{D791900D-1235-4708-B1B9-8DA0AA3AD016}.Debug|Any CPU.ActiveCfg = Debug|Any CPU
		{D791900D-1235-4708-B1B9-8DA0AA3AD016}.Debug|Any CPU.Build.0 = Debug|Any CPU
		{D791900D-1235-4708-B1B9-8DA0AA3AD016}.Release|Any CPU.ActiveCfg = Release|Any CPU
		{D791900D-1235-4708-B1B9-8DA0AA3AD016}.Release|Any CPU.Build.0 = Release|Any CPU
		{2A57F7BC-75A6-4938-87CD-7CC63819D886}.Debug|Any CPU.ActiveCfg = Debug|Any CPU
		{2A57F7BC-75A6-4938-87CD-7CC63819D886}.Debug|Any CPU.Build.0 = Debug|Any CPU
		{2A57F7BC-75A6-4938-87CD-7CC63819D886}.Release|Any CPU.ActiveCfg = Release|Any CPU
		{2A57F7BC-75A6-4938-87CD-7CC63819D886}.Release|Any CPU.Build.0 = Release|Any CPU
	EndGlobalSection
	GlobalSection(SolutionProperties) = preSolution
		HideSolutionNode = FALSE
	EndGlobalSection
EndGlobal
